// !$*UTF8*$!
{
	archiveVersion = 1;
	classes = {
	};
	objectVersion = 52;
	objects = {

/* Begin PBXBuildFile section */
		614445EB25BE8C37008DC80B /* Pair.swift in Sources */ = {isa = PBXBuildFile; fileRef = 614445EA25BE8C37008DC80B /* Pair.swift */; };
		61E7CC7C25A8BDC40014CDDA /* AppDelegate.swift in Sources */ = {isa = PBXBuildFile; fileRef = 61E7CC7B25A8BDC40014CDDA /* AppDelegate.swift */; };
		61E7CC7E25A8BDC40014CDDA /* SceneDelegate.swift in Sources */ = {isa = PBXBuildFile; fileRef = 61E7CC7D25A8BDC40014CDDA /* SceneDelegate.swift */; };
		61E7CC8025A8BDC40014CDDA /* ContentView.swift in Sources */ = {isa = PBXBuildFile; fileRef = 61E7CC7F25A8BDC40014CDDA /* ContentView.swift */; };
		61E7CC8225A8BDC70014CDDA /* Assets.xcassets in Resources */ = {isa = PBXBuildFile; fileRef = 61E7CC8125A8BDC70014CDDA /* Assets.xcassets */; };
		61E7CC8525A8BDC70014CDDA /* Preview Assets.xcassets in Resources */ = {isa = PBXBuildFile; fileRef = 61E7CC8425A8BDC70014CDDA /* Preview Assets.xcassets */; };
		61E7CC8825A8BDC70014CDDA /* LaunchScreen.storyboard in Resources */ = {isa = PBXBuildFile; fileRef = 61E7CC8625A8BDC70014CDDA /* LaunchScreen.storyboard */; };
		61E7CC9225A8BF560014CDDA /* GroupView.swift in Sources */ = {isa = PBXBuildFile; fileRef = 61E7CC9125A8BF560014CDDA /* GroupView.swift */; };
		61E7CC9525A8BF690014CDDA /* ScheduleView.swift in Sources */ = {isa = PBXBuildFile; fileRef = 61E7CC9425A8BF690014CDDA /* ScheduleView.swift */; };
		61E7CC9825A8BF780014CDDA /* ChangesView.swift in Sources */ = {isa = PBXBuildFile; fileRef = 61E7CC9725A8BF780014CDDA /* ChangesView.swift */; };
		61E7CC9B25A8BF8A0014CDDA /* Settings.swift in Sources */ = {isa = PBXBuildFile; fileRef = 61E7CC9A25A8BF8A0014CDDA /* Settings.swift */; };
		61E7CCA025A8BFB50014CDDA /* BackGroundView.swift in Sources */ = {isa = PBXBuildFile; fileRef = 61E7CC9F25A8BFB50014CDDA /* BackGroundView.swift */; };
		61E7CCA825A8BFEC0014CDDA /* ScheduleStruct.swift in Sources */ = {isa = PBXBuildFile; fileRef = 61E7CCA725A8BFEC0014CDDA /* ScheduleStruct.swift */; };
		61E7CCAB25A8BFFE0014CDDA /* Parser.swift in Sources */ = {isa = PBXBuildFile; fileRef = 61E7CCAA25A8BFFE0014CDDA /* Parser.swift */; };
		61E7CCAE25A8C0150014CDDA /* Storage.swift in Sources */ = {isa = PBXBuildFile; fileRef = 61E7CCAD25A8C0150014CDDA /* Storage.swift */; };
		61E7CCB425A8C1270014CDDA /* SwiftSoup in Frameworks */ = {isa = PBXBuildFile; productRef = 61E7CCB325A8C1270014CDDA /* SwiftSoup */; };
/* End PBXBuildFile section */

/* Begin PBXFileReference section */
		614445EA25BE8C37008DC80B /* Pair.swift */ = {isa = PBXFileReference; lastKnownFileType = sourcecode.swift; path = Pair.swift; sourceTree = "<group>"; };
		61E7CC7825A8BDC40014CDDA /* EduHelper.app */ = {isa = PBXFileReference; explicitFileType = wrapper.application; includeInIndex = 0; path = EduHelper.app; sourceTree = BUILT_PRODUCTS_DIR; };
		61E7CC7B25A8BDC40014CDDA /* AppDelegate.swift */ = {isa = PBXFileReference; lastKnownFileType = sourcecode.swift; path = AppDelegate.swift; sourceTree = "<group>"; };
		61E7CC7D25A8BDC40014CDDA /* SceneDelegate.swift */ = {isa = PBXFileReference; lastKnownFileType = sourcecode.swift; path = SceneDelegate.swift; sourceTree = "<group>"; };
		61E7CC7F25A8BDC40014CDDA /* ContentView.swift */ = {isa = PBXFileReference; lastKnownFileType = sourcecode.swift; path = ContentView.swift; sourceTree = "<group>"; };
		61E7CC8125A8BDC70014CDDA /* Assets.xcassets */ = {isa = PBXFileReference; lastKnownFileType = folder.assetcatalog; path = Assets.xcassets; sourceTree = "<group>"; };
		61E7CC8425A8BDC70014CDDA /* Preview Assets.xcassets */ = {isa = PBXFileReference; lastKnownFileType = folder.assetcatalog; path = "Preview Assets.xcassets"; sourceTree = "<group>"; };
		61E7CC8725A8BDC70014CDDA /* Base */ = {isa = PBXFileReference; lastKnownFileType = file.storyboard; name = Base; path = Base.lproj/LaunchScreen.storyboard; sourceTree = "<group>"; };
		61E7CC8925A8BDC70014CDDA /* Info.plist */ = {isa = PBXFileReference; lastKnownFileType = text.plist.xml; path = Info.plist; sourceTree = "<group>"; };
		61E7CC9125A8BF560014CDDA /* GroupView.swift */ = {isa = PBXFileReference; lastKnownFileType = sourcecode.swift; path = GroupView.swift; sourceTree = "<group>"; };
		61E7CC9425A8BF690014CDDA /* ScheduleView.swift */ = {isa = PBXFileReference; lastKnownFileType = sourcecode.swift; path = ScheduleView.swift; sourceTree = "<group>"; };
		61E7CC9725A8BF780014CDDA /* ChangesView.swift */ = {isa = PBXFileReference; lastKnownFileType = sourcecode.swift; path = ChangesView.swift; sourceTree = "<group>"; };
		61E7CC9A25A8BF8A0014CDDA /* Settings.swift */ = {isa = PBXFileReference; lastKnownFileType = sourcecode.swift; path = Settings.swift; sourceTree = "<group>"; };
		61E7CC9F25A8BFB50014CDDA /* BackGroundView.swift */ = {isa = PBXFileReference; lastKnownFileType = sourcecode.swift; path = BackGroundView.swift; sourceTree = "<group>"; };
		61E7CCA725A8BFEC0014CDDA /* ScheduleStruct.swift */ = {isa = PBXFileReference; lastKnownFileType = sourcecode.swift; path = ScheduleStruct.swift; sourceTree = "<group>"; };
		61E7CCAA25A8BFFE0014CDDA /* Parser.swift */ = {isa = PBXFileReference; lastKnownFileType = sourcecode.swift; path = Parser.swift; sourceTree = "<group>"; };
		61E7CCAD25A8C0150014CDDA /* Storage.swift */ = {isa = PBXFileReference; lastKnownFileType = sourcecode.swift; path = Storage.swift; sourceTree = "<group>"; };
/* End PBXFileReference section */

/* Begin PBXFrameworksBuildPhase section */
		61E7CC7525A8BDC40014CDDA /* Frameworks */ = {
			isa = PBXFrameworksBuildPhase;
			buildActionMask = 2147483647;
			files = (
				61E7CCB425A8C1270014CDDA /* SwiftSoup in Frameworks */,
			);
			runOnlyForDeploymentPostprocessing = 0;
		};
/* End PBXFrameworksBuildPhase section */

/* Begin PBXGroup section */
		61E7CC6F25A8BDC40014CDDA = {
			isa = PBXGroup;
			children = (
				61E7CC7A25A8BDC40014CDDA /* EduHelper */,
				61E7CC7925A8BDC40014CDDA /* Products */,
			);
			sourceTree = "<group>";
		};
		61E7CC7925A8BDC40014CDDA /* Products */ = {
			isa = PBXGroup;
			children = (
				61E7CC7825A8BDC40014CDDA /* EduHelper.app */,
			);
			name = Products;
			sourceTree = "<group>";
		};
		61E7CC7A25A8BDC40014CDDA /* EduHelper */ = {
			isa = PBXGroup;
			children = (
				61E7CC7B25A8BDC40014CDDA /* AppDelegate.swift */,
				61E7CC7D25A8BDC40014CDDA /* SceneDelegate.swift */,
				61E7CC7F25A8BDC40014CDDA /* ContentView.swift */,
				61E7CC9D25A8BF970014CDDA /* Views */,
				61E7CCA625A8BFD90014CDDA /* Data */,
				61E7CC8125A8BDC70014CDDA /* Assets.xcassets */,
				61E7CC8625A8BDC70014CDDA /* LaunchScreen.storyboard */,
				61E7CC8925A8BDC70014CDDA /* Info.plist */,
				61E7CC8325A8BDC70014CDDA /* Preview Content */,
			);
			path = EduHelper;
			sourceTree = "<group>";
		};
		61E7CC8325A8BDC70014CDDA /* Preview Content */ = {
			isa = PBXGroup;
			children = (
				61E7CC8425A8BDC70014CDDA /* Preview Assets.xcassets */,
			);
			path = "Preview Content";
			sourceTree = "<group>";
		};
		61E7CC9D25A8BF970014CDDA /* Views */ = {
			isa = PBXGroup;
			children = (
				61E7CC9E25A8BFA50014CDDA /* SubViews */,
				61E7CC9125A8BF560014CDDA /* GroupView.swift */,
				61E7CC9425A8BF690014CDDA /* ScheduleView.swift */,
				61E7CC9725A8BF780014CDDA /* ChangesView.swift */,
				61E7CC9A25A8BF8A0014CDDA /* Settings.swift */,
			);
			path = Views;
			sourceTree = "<group>";
		};
		61E7CC9E25A8BFA50014CDDA /* SubViews */ = {
			isa = PBXGroup;
			children = (
				614445EA25BE8C37008DC80B /* Pair.swift */,
				61E7CC9F25A8BFB50014CDDA /* BackGroundView.swift */,
			);
			path = SubViews;
			sourceTree = "<group>";
		};
		61E7CCA625A8BFD90014CDDA /* Data */ = {
			isa = PBXGroup;
			children = (
				61E7CCA725A8BFEC0014CDDA /* ScheduleStruct.swift */,
				61E7CCAA25A8BFFE0014CDDA /* Parser.swift */,
				61E7CCAD25A8C0150014CDDA /* Storage.swift */,
			);
			path = Data;
			sourceTree = "<group>";
		};
/* End PBXGroup section */

/* Begin PBXNativeTarget section */
		61E7CC7725A8BDC40014CDDA /* EduHelper */ = {
			isa = PBXNativeTarget;
			buildConfigurationList = 61E7CC8C25A8BDC70014CDDA /* Build configuration list for PBXNativeTarget "EduHelper" */;
			buildPhases = (
				61E7CC7425A8BDC40014CDDA /* Sources */,
				61E7CC7525A8BDC40014CDDA /* Frameworks */,
				61E7CC7625A8BDC40014CDDA /* Resources */,
			);
			buildRules = (
			);
			dependencies = (
			);
			name = EduHelper;
			packageProductDependencies = (
				61E7CCB325A8C1270014CDDA /* SwiftSoup */,
			);
			productName = EduHelper;
			productReference = 61E7CC7825A8BDC40014CDDA /* EduHelper.app */;
			productType = "com.apple.product-type.application";
		};
/* End PBXNativeTarget section */

/* Begin PBXProject section */
		61E7CC7025A8BDC40014CDDA /* Project object */ = {
			isa = PBXProject;
			attributes = {
				LastSwiftUpdateCheck = 1230;
				LastUpgradeCheck = 1230;
				TargetAttributes = {
					61E7CC7725A8BDC40014CDDA = {
						CreatedOnToolsVersion = 12.3;
					};
				};
			};
			buildConfigurationList = 61E7CC7325A8BDC40014CDDA /* Build configuration list for PBXProject "EduHelper" */;
			compatibilityVersion = "Xcode 9.3";
			developmentRegion = en;
			hasScannedForEncodings = 0;
			knownRegions = (
				en,
				Base,
			);
			mainGroup = 61E7CC6F25A8BDC40014CDDA;
			packageReferences = (
				61E7CCB225A8C1270014CDDA /* XCRemoteSwiftPackageReference "SwiftSoup" */,
			);
			productRefGroup = 61E7CC7925A8BDC40014CDDA /* Products */;
			projectDirPath = "";
			projectRoot = "";
			targets = (
				61E7CC7725A8BDC40014CDDA /* EduHelper */,
			);
		};
/* End PBXProject section */

/* Begin PBXResourcesBuildPhase section */
		61E7CC7625A8BDC40014CDDA /* Resources */ = {
			isa = PBXResourcesBuildPhase;
			buildActionMask = 2147483647;
			files = (
				61E7CC8825A8BDC70014CDDA /* LaunchScreen.storyboard in Resources */,
				61E7CC8525A8BDC70014CDDA /* Preview Assets.xcassets in Resources */,
				61E7CC8225A8BDC70014CDDA /* Assets.xcassets in Resources */,
			);
			runOnlyForDeploymentPostprocessing = 0;
		};
/* End PBXResourcesBuildPhase section */

/* Begin PBXSourcesBuildPhase section */
		61E7CC7425A8BDC40014CDDA /* Sources */ = {
			isa = PBXSourcesBuildPhase;
			buildActionMask = 2147483647;
			files = (
				61E7CC9825A8BF780014CDDA /* ChangesView.swift in Sources */,
				61E7CCAB25A8BFFE0014CDDA /* Parser.swift in Sources */,
				61E7CCA825A8BFEC0014CDDA /* ScheduleStruct.swift in Sources */,
				61E7CC9525A8BF690014CDDA /* ScheduleView.swift in Sources */,
				61E7CCA025A8BFB50014CDDA /* BackGroundView.swift in Sources */,
				614445EB25BE8C37008DC80B /* Pair.swift in Sources */,
				61E7CCAE25A8C0150014CDDA /* Storage.swift in Sources */,
				61E7CC7C25A8BDC40014CDDA /* AppDelegate.swift in Sources */,
				61E7CC7E25A8BDC40014CDDA /* SceneDelegate.swift in Sources */,
				61E7CC9B25A8BF8A0014CDDA /* Settings.swift in Sources */,
				61E7CC9225A8BF560014CDDA /* GroupView.swift in Sources */,
				61E7CC8025A8BDC40014CDDA /* ContentView.swift in Sources */,
			);
			runOnlyForDeploymentPostprocessing = 0;
		};
/* End PBXSourcesBuildPhase section */

/* Begin PBXVariantGroup section */
		61E7CC8625A8BDC70014CDDA /* LaunchScreen.storyboard */ = {
			isa = PBXVariantGroup;
			children = (
				61E7CC8725A8BDC70014CDDA /* Base */,
			);
			name = LaunchScreen.storyboard;
			sourceTree = "<group>";
		};
/* End PBXVariantGroup section */

/* Begin XCBuildConfiguration section */
		61E7CC8A25A8BDC70014CDDA /* Debug */ = {
			isa = XCBuildConfiguration;
			buildSettings = {
				ALWAYS_SEARCH_USER_PATHS = NO;
				CLANG_ANALYZER_NONNULL = YES;
				CLANG_ANALYZER_NUMBER_OBJECT_CONVERSION = YES_AGGRESSIVE;
				CLANG_CXX_LANGUAGE_STANDARD = "gnu++14";
				CLANG_CXX_LIBRARY = "libc++";
				CLANG_ENABLE_MODULES = YES;
				CLANG_ENABLE_OBJC_ARC = YES;
				CLANG_ENABLE_OBJC_WEAK = YES;
				CLANG_WARN_BLOCK_CAPTURE_AUTORELEASING = YES;
				CLANG_WARN_BOOL_CONVERSION = YES;
				CLANG_WARN_COMMA = YES;
				CLANG_WARN_CONSTANT_CONVERSION = YES;
				CLANG_WARN_DEPRECATED_OBJC_IMPLEMENTATIONS = YES;
				CLANG_WARN_DIRECT_OBJC_ISA_USAGE = YES_ERROR;
				CLANG_WARN_DOCUMENTATION_COMMENTS = YES;
				CLANG_WARN_EMPTY_BODY = YES;
				CLANG_WARN_ENUM_CONVERSION = YES;
				CLANG_WARN_INFINITE_RECURSION = YES;
				CLANG_WARN_INT_CONVERSION = YES;
				CLANG_WARN_NON_LITERAL_NULL_CONVERSION = YES;
				CLANG_WARN_OBJC_IMPLICIT_RETAIN_SELF = YES;
				CLANG_WARN_OBJC_LITERAL_CONVERSION = YES;
				CLANG_WARN_OBJC_ROOT_CLASS = YES_ERROR;
				CLANG_WARN_QUOTED_INCLUDE_IN_FRAMEWORK_HEADER = YES;
				CLANG_WARN_RANGE_LOOP_ANALYSIS = YES;
				CLANG_WARN_STRICT_PROTOTYPES = YES;
				CLANG_WARN_SUSPICIOUS_MOVE = YES;
				CLANG_WARN_UNGUARDED_AVAILABILITY = YES_AGGRESSIVE;
				CLANG_WARN_UNREACHABLE_CODE = YES;
				CLANG_WARN__DUPLICATE_METHOD_MATCH = YES;
				COPY_PHASE_STRIP = NO;
				DEBUG_INFORMATION_FORMAT = dwarf;
				ENABLE_STRICT_OBJC_MSGSEND = YES;
				ENABLE_TESTABILITY = YES;
				GCC_C_LANGUAGE_STANDARD = gnu11;
				GCC_DYNAMIC_NO_PIC = NO;
				GCC_NO_COMMON_BLOCKS = YES;
				GCC_OPTIMIZATION_LEVEL = 0;
				GCC_PREPROCESSOR_DEFINITIONS = (
					"DEBUG=1",
					"$(inherited)",
				);
				GCC_WARN_64_TO_32_BIT_CONVERSION = YES;
				GCC_WARN_ABOUT_RETURN_TYPE = YES_ERROR;
				GCC_WARN_UNDECLARED_SELECTOR = YES;
				GCC_WARN_UNINITIALIZED_AUTOS = YES_AGGRESSIVE;
				GCC_WARN_UNUSED_FUNCTION = YES;
				GCC_WARN_UNUSED_VARIABLE = YES;
				IPHONEOS_DEPLOYMENT_TARGET = 14.0;
				MTL_ENABLE_DEBUG_INFO = INCLUDE_SOURCE;
				MTL_FAST_MATH = YES;
				ONLY_ACTIVE_ARCH = YES;
				SDKROOT = iphoneos;
				SWIFT_ACTIVE_COMPILATION_CONDITIONS = DEBUG;
				SWIFT_OPTIMIZATION_LEVEL = "-Onone";
			};
			name = Debug;
		};
		61E7CC8B25A8BDC70014CDDA /* Release */ = {
			isa = XCBuildConfiguration;
			buildSettings = {
				ALWAYS_SEARCH_USER_PATHS = NO;
				CLANG_ANALYZER_NONNULL = YES;
				CLANG_ANALYZER_NUMBER_OBJECT_CONVERSION = YES_AGGRESSIVE;
				CLANG_CXX_LANGUAGE_STANDARD = "gnu++14";
				CLANG_CXX_LIBRARY = "libc++";
				CLANG_ENABLE_MODULES = YES;
				CLANG_ENABLE_OBJC_ARC = YES;
				CLANG_ENABLE_OBJC_WEAK = YES;
				CLANG_WARN_BLOCK_CAPTURE_AUTORELEASING = YES;
				CLANG_WARN_BOOL_CONVERSION = YES;
				CLANG_WARN_COMMA = YES;
				CLANG_WARN_CONSTANT_CONVERSION = YES;
				CLANG_WARN_DEPRECATED_OBJC_IMPLEMENTATIONS = YES;
				CLANG_WARN_DIRECT_OBJC_ISA_USAGE = YES_ERROR;
				CLANG_WARN_DOCUMENTATION_COMMENTS = YES;
				CLANG_WARN_EMPTY_BODY = YES;
				CLANG_WARN_ENUM_CONVERSION = YES;
				CLANG_WARN_INFINITE_RECURSION = YES;
				CLANG_WARN_INT_CONVERSION = YES;
				CLANG_WARN_NON_LITERAL_NULL_CONVERSION = YES;
				CLANG_WARN_OBJC_IMPLICIT_RETAIN_SELF = YES;
				CLANG_WARN_OBJC_LITERAL_CONVERSION = YES;
				CLANG_WARN_OBJC_ROOT_CLASS = YES_ERROR;
				CLANG_WARN_QUOTED_INCLUDE_IN_FRAMEWORK_HEADER = YES;
				CLANG_WARN_RANGE_LOOP_ANALYSIS = YES;
				CLANG_WARN_STRICT_PROTOTYPES = YES;
				CLANG_WARN_SUSPICIOUS_MOVE = YES;
				CLANG_WARN_UNGUARDED_AVAILABILITY = YES_AGGRESSIVE;
				CLANG_WARN_UNREACHABLE_CODE = YES;
				CLANG_WARN__DUPLICATE_METHOD_MATCH = YES;
				COPY_PHASE_STRIP = NO;
				DEBUG_INFORMATION_FORMAT = "dwarf-with-dsym";
				ENABLE_NS_ASSERTIONS = NO;
				ENABLE_STRICT_OBJC_MSGSEND = YES;
				GCC_C_LANGUAGE_STANDARD = gnu11;
				GCC_NO_COMMON_BLOCKS = YES;
				GCC_WARN_64_TO_32_BIT_CONVERSION = YES;
				GCC_WARN_ABOUT_RETURN_TYPE = YES_ERROR;
				GCC_WARN_UNDECLARED_SELECTOR = YES;
				GCC_WARN_UNINITIALIZED_AUTOS = YES_AGGRESSIVE;
				GCC_WARN_UNUSED_FUNCTION = YES;
				GCC_WARN_UNUSED_VARIABLE = YES;
				IPHONEOS_DEPLOYMENT_TARGET = 14.0;
				MTL_ENABLE_DEBUG_INFO = NO;
				MTL_FAST_MATH = YES;
				SDKROOT = iphoneos;
				SWIFT_COMPILATION_MODE = wholemodule;
				SWIFT_OPTIMIZATION_LEVEL = "-O";
				VALIDATE_PRODUCT = YES;
			};
			name = Release;
		};
		61E7CC8D25A8BDC70014CDDA /* Debug */ = {
			isa = XCBuildConfiguration;
			buildSettings = {
				ASSETCATALOG_COMPILER_APPICON_NAME = AppIcon;
				ASSETCATALOG_COMPILER_GLOBAL_ACCENT_COLOR_NAME = AccentColor;
				CODE_SIGN_STYLE = Automatic;
				DEVELOPMENT_ASSET_PATHS = "\"EduHelper/Preview Content\"";
				DEVELOPMENT_TEAM = SZ24TTUHBL;
				ENABLE_PREVIEWS = YES;
				INFOPLIST_FILE = EduHelper/Info.plist;
				LD_RUNPATH_SEARCH_PATHS = (
					"$(inherited)",
					"@executable_path/Frameworks",
				);
				MARKETING_VERSION = 2.0;
				PRODUCT_BUNDLE_IDENTIFIER = vladukha.EduHelper;
				PRODUCT_NAME = "$(TARGET_NAME)";
				SWIFT_VERSION = 5.0;
				TARGETED_DEVICE_FAMILY = 1;
			};
			name = Debug;
		};
		61E7CC8E25A8BDC70014CDDA /* Release */ = {
			isa = XCBuildConfiguration;
			buildSettings = {
				ASSETCATALOG_COMPILER_APPICON_NAME = AppIcon;
				ASSETCATALOG_COMPILER_GLOBAL_ACCENT_COLOR_NAME = AccentColor;
				CODE_SIGN_STYLE = Automatic;
				DEVELOPMENT_ASSET_PATHS = "\"EduHelper/Preview Content\"";
				DEVELOPMENT_TEAM = SZ24TTUHBL;
				ENABLE_PREVIEWS = YES;
				INFOPLIST_FILE = EduHelper/Info.plist;
				LD_RUNPATH_SEARCH_PATHS = (
					"$(inherited)",
					"@executable_path/Frameworks",
				);
				MARKETING_VERSION = 2.0;
				PRODUCT_BUNDLE_IDENTIFIER = vladukha.EduHelper;
				PRODUCT_NAME = "$(TARGET_NAME)";
				SWIFT_VERSION = 5.0;
				TARGETED_DEVICE_FAMILY = 1;
			};
			name = Release;
		};
/* End XCBuildConfiguration section */

/* Begin XCConfigurationList section */
		61E7CC7325A8BDC40014CDDA /* Build configuration list for PBXProject "EduHelper" */ = {
			isa = XCConfigurationList;
			buildConfigurations = (
				61E7CC8A25A8BDC70014CDDA /* Debug */,
				61E7CC8B25A8BDC70014CDDA /* Release */,
			);
			defaultConfigurationIsVisible = 0;
			defaultConfigurationName = Release;
		};
		61E7CC8C25A8BDC70014CDDA /* Build configuration list for PBXNativeTarget "EduHelper" */ = {
			isa = XCConfigurationList;
			buildConfigurations = (
				61E7CC8D25A8BDC70014CDDA /* Debug */,
				61E7CC8E25A8BDC70014CDDA /* Release */,
			);
			defaultConfigurationIsVisible = 0;
			defaultConfigurationName = Release;
		};
/* End XCConfigurationList section */

/* Begin XCRemoteSwiftPackageReference section */
		61E7CCB225A8C1270014CDDA /* XCRemoteSwiftPackageReference "SwiftSoup" */ = {
			isa = XCRemoteSwiftPackageReference;
			repositoryURL = "https://github.com/scinfu/SwiftSoup.git";
			requirement = {
				kind = upToNextMajorVersion;
				minimumVersion = 2.3.2;
			};
		};
/* End XCRemoteSwiftPackageReference section */

/* Begin XCSwiftPackageProductDependency section */
		61E7CCB325A8C1270014CDDA /* SwiftSoup */ = {
			isa = XCSwiftPackageProductDependency;
			package = 61E7CCB225A8C1270014CDDA /* XCRemoteSwiftPackageReference "SwiftSoup" */;
			productName = SwiftSoup;
		};
/* End XCSwiftPackageProductDependency section */
	};
	rootObject = 61E7CC7025A8BDC40014CDDA /* Project object */;
}
